// !$*UTF8*$!
{
	archiveVersion = 1;
	classes = {
	};
	objectVersion = 50;
	objects = {

/* Begin PBXBuildFile section */
		C5E2577725198D7C00BABE2A /* AppDelegate.swift in Sources */ = {isa = PBXBuildFile; fileRef = C5E2577625198D7C00BABE2A /* AppDelegate.swift */; };
		C5E2577925198D7C00BABE2A /* SceneDelegate.swift in Sources */ = {isa = PBXBuildFile; fileRef = C5E2577825198D7C00BABE2A /* SceneDelegate.swift */; };
		C5E2577B25198D7C00BABE2A /* ContentView.swift in Sources */ = {isa = PBXBuildFile; fileRef = C5E2577A25198D7C00BABE2A /* ContentView.swift */; };
		C5E2577D25198D8000BABE2A /* Assets.xcassets in Resources */ = {isa = PBXBuildFile; fileRef = C5E2577C25198D8000BABE2A /* Assets.xcassets */; };
		C5E2578025198D8000BABE2A /* Preview Assets.xcassets in Resources */ = {isa = PBXBuildFile; fileRef = C5E2577F25198D8000BABE2A /* Preview Assets.xcassets */; };
		C5E2578325198D8000BABE2A /* LaunchScreen.storyboard in Resources */ = {isa = PBXBuildFile; fileRef = C5E2578125198D8000BABE2A /* LaunchScreen.storyboard */; };
/* End PBXBuildFile section */

/* Begin PBXFileReference section */
		C5E2577325198D7C00BABE2A /* IntermediateCoreData.app */ = {isa = PBXFileReference; explicitFileType = wrapper.application; includeInIndex = 0; path = IntermediateCoreData.app; sourceTree = BUILT_PRODUCTS_DIR; };
		C5E2577625198D7C00BABE2A /* AppDelegate.swift */ = {isa = PBXFileReference; lastKnownFileType = sourcecode.swift; path = AppDelegate.swift; sourceTree = "<group>"; };
		C5E2577825198D7C00BABE2A /* SceneDelegate.swift */ = {isa = PBXFileReference; lastKnownFileType = sourcecode.swift; path = SceneDelegate.swift; sourceTree = "<group>"; };
		C5E2577A25198D7C00BABE2A /* ContentView.swift */ = {isa = PBXFileReference; lastKnownFileType = sourcecode.swift; path = ContentView.swift; sourceTree = "<group>"; };
		C5E2577C25198D8000BABE2A /* Assets.xcassets */ = {isa = PBXFileReference; lastKnownFileType = folder.assetcatalog; path = Assets.xcassets; sourceTree = "<group>"; };
		C5E2577F25198D8000BABE2A /* Preview Assets.xcassets */ = {isa = PBXFileReference; lastKnownFileType = folder.assetcatalog; path = "Preview Assets.xcassets"; sourceTree = "<group>"; };
		C5E2578225198D8000BABE2A /* Base */ = {isa = PBXFileReference; lastKnownFileType = file.storyboard; name = Base; path = Base.lproj/LaunchScreen.storyboard; sourceTree = "<group>"; };
		C5E2578425198D8000BABE2A /* Info.plist */ = {isa = PBXFileReference; lastKnownFileType = text.plist.xml; path = Info.plist; sourceTree = "<group>"; };
/* End PBXFileReference section */

/* Begin PBXFrameworksBuildPhase section */
		C5E2577025198D7C00BABE2A /* Frameworks */ = {
			isa = PBXFrameworksBuildPhase;
			buildActionMask = 2147483647;
			files = (
			);
			runOnlyForDeploymentPostprocessing = 0;
		};
/* End PBXFrameworksBuildPhase section */

/* Begin PBXGroup section */
		C5E2576A25198D7C00BABE2A = {
			isa = PBXGroup;
			children = (
				C5E2577525198D7C00BABE2A /* IntermediateCoreData */,
				C5E2577425198D7C00BABE2A /* Products */,
			);
			sourceTree = "<group>";
		};
		C5E2577425198D7C00BABE2A /* Products */ = {
			isa = PBXGroup;
			children = (
				C5E2577325198D7C00BABE2A /* IntermediateCoreData.app */,
			);
			name = Products;
			sourceTree = "<group>";
		};
		C5E2577525198D7C00BABE2A /* IntermediateCoreData */ = {
			isa = PBXGroup;
			children = (
				C5E2577625198D7C00BABE2A /* AppDelegate.swift */,
				C5E2577825198D7C00BABE2A /* SceneDelegate.swift */,
				C5E2577A25198D7C00BABE2A /* ContentView.swift */,
				C5E2577C25198D8000BABE2A /* Assets.xcassets */,
				C5E2578125198D8000BABE2A /* LaunchScreen.storyboard */,
				C5E2578425198D8000BABE2A /* Info.plist */,
				C5E2577E25198D8000BABE2A /* Preview Content */,
			);
			path = IntermediateCoreData;
			sourceTree = "<group>";
		};
		C5E2577E25198D8000BABE2A /* Preview Content */ = {
			isa = PBXGroup;
			children = (
				C5E2577F25198D8000BABE2A /* Preview Assets.xcassets */,
			);
			path = "Preview Content";
			sourceTree = "<group>";
		};
/* End PBXGroup section */

/* Begin PBXNativeTarget section */
		C5E2577225198D7C00BABE2A /* IntermediateCoreData */ = {
			isa = PBXNativeTarget;
			buildConfigurationList = C5E2578725198D8000BABE2A /* Build configuration list for PBXNativeTarget "IntermediateCoreData" */;
			buildPhases = (
				C5E2576F25198D7C00BABE2A /* Sources */,
				C5E2577025198D7C00BABE2A /* Frameworks */,
				C5E2577125198D7C00BABE2A /* Resources */,
			);
			buildRules = (
			);
			dependencies = (
			);
			name = IntermediateCoreData;
			productName = IntermediateCoreData;
			productReference = C5E2577325198D7C00BABE2A /* IntermediateCoreData.app */;
			productType = "com.apple.product-type.application";
		};
/* End PBXNativeTarget section */

/* Begin PBXProject section */
		C5E2576B25198D7C00BABE2A /* Project object */ = {
			isa = PBXProject;
			attributes = {
				LastSwiftUpdateCheck = 1160;
				LastUpgradeCheck = 1160;
				ORGANIZATIONNAME = "Jacobo Hernandez";
				TargetAttributes = {
					C5E2577225198D7C00BABE2A = {
						CreatedOnToolsVersion = 11.6;
					};
				};
			};
			buildConfigurationList = C5E2576E25198D7C00BABE2A /* Build configuration list for PBXProject "IntermediateCoreData" */;
			compatibilityVersion = "Xcode 9.3";
			developmentRegion = en;
			hasScannedForEncodings = 0;
			knownRegions = (
				en,
				Base,
			);
			mainGroup = C5E2576A25198D7C00BABE2A;
			productRefGroup = C5E2577425198D7C00BABE2A /* Products */;
			projectDirPath = "";
			projectRoot = "";
			targets = (
				C5E2577225198D7C00BABE2A /* IntermediateCoreData */,
			);
		};
/* End PBXProject section */

/* Begin PBXResourcesBuildPhase section */
		C5E2577125198D7C00BABE2A /* Resources */ = {
			isa = PBXResourcesBuildPhase;
			buildActionMask = 2147483647;
			files = (
				C5E2578325198D8000BABE2A /* LaunchScreen.storyboard in Resources */,
				C5E2578025198D8000BABE2A /* Preview Assets.xcassets in Resources */,
				C5E2577D25198D8000BABE2A /* Assets.xcassets in Resources */,
			);
			runOnlyForDeploymentPostprocessing = 0;
		};
/* End PBXResourcesBuildPhase section */

/* Begin PBXSourcesBuildPhase section */
		C5E2576F25198D7C00BABE2A /* Sources */ = {
			isa = PBXSourcesBuildPhase;
			buildActionMask = 2147483647;
			files = (
				C5E2577725198D7C00BABE2A /* AppDelegate.swift in Sources */,
				C5E2577925198D7C00BABE2A /* SceneDelegate.swift in Sources */,
				C5E2577B25198D7C00BABE2A /* ContentView.swift in Sources */,
			);
			runOnlyForDeploymentPostprocessing = 0;
		};
/* End PBXSourcesBuildPhase section */

/* Begin PBXVariantGroup section */
		C5E2578125198D8000BABE2A /* LaunchScreen.storyboard */ = {
			isa = PBXVariantGroup;
			children = (
				C5E2578225198D8000BABE2A /* Base */,
			);
			name = LaunchScreen.storyboard;
			sourceTree = "<group>";
		};
/* End PBXVariantGroup section */

/* Begin XCBuildConfiguration section */
		C5E2578525198D8000BABE2A /* Debug */ = {
			isa = XCBuildConfiguration;
			buildSettings = {
				ALWAYS_SEARCH_USER_PATHS = NO;
				CLANG_ANALYZER_NONNULL = YES;
				CLANG_ANALYZER_NUMBER_OBJECT_CONVERSION = YES_AGGRESSIVE;
				CLANG_CXX_LANGUAGE_STANDARD = "gnu++14";
				CLANG_CXX_LIBRARY = "libc++";
				CLANG_ENABLE_MODULES = YES;
				CLANG_ENABLE_OBJC_ARC = YES;
				CLANG_ENABLE_OBJC_WEAK = YES;
				CLANG_WARN_BLOCK_CAPTURE_AUTORELEASING = YES;
				CLANG_WARN_BOOL_CONVERSION = YES;
				CLANG_WARN_COMMA = YES;
				CLANG_WARN_CONSTANT_CONVERSION = YES;
				CLANG_WARN_DEPRECATED_OBJC_IMPLEMENTATIONS = YES;
				CLANG_WARN_DIRECT_OBJC_ISA_USAGE = YES_ERROR;
				CLANG_WARN_DOCUMENTATION_COMMENTS = YES;
				CLANG_WARN_EMPTY_BODY = YES;
				CLANG_WARN_ENUM_CONVERSION = YES;
				CLANG_WARN_INFINITE_RECURSION = YES;
				CLANG_WARN_INT_CONVERSION = YES;
				CLANG_WARN_NON_LITERAL_NULL_CONVERSION = YES;
				CLANG_WARN_OBJC_IMPLICIT_RETAIN_SELF = YES;
				CLANG_WARN_OBJC_LITERAL_CONVERSION = YES;
				CLANG_WARN_OBJC_ROOT_CLASS = YES_ERROR;
				CLANG_WARN_RANGE_LOOP_ANALYSIS = YES;
				CLANG_WARN_STRICT_PROTOTYPES = YES;
				CLANG_WARN_SUSPICIOUS_MOVE = YES;
				CLANG_WARN_UNGUARDED_AVAILABILITY = YES_AGGRESSIVE;
				CLANG_WARN_UNREACHABLE_CODE = YES;
				CLANG_WARN__DUPLICATE_METHOD_MATCH = YES;
				COPY_PHASE_STRIP = NO;
				DEBUG_INFORMATION_FORMAT = dwarf;
				ENABLE_STRICT_OBJC_MSGSEND = YES;
				ENABLE_TESTABILITY = YES;
				GCC_C_LANGUAGE_STANDARD = gnu11;
				GCC_DYNAMIC_NO_PIC = NO;
				GCC_NO_COMMON_BLOCKS = YES;
				GCC_OPTIMIZATION_LEVEL = 0;
				GCC_PREPROCESSOR_DEFINITIONS = (
					"DEBUG=1",
					"$(inherited)",
				);
				GCC_WARN_64_TO_32_BIT_CONVERSION = YES;
				GCC_WARN_ABOUT_RETURN_TYPE = YES_ERROR;
				GCC_WARN_UNDECLARED_SELECTOR = YES;
				GCC_WARN_UNINITIALIZED_AUTOS = YES_AGGRESSIVE;
				GCC_WARN_UNUSED_FUNCTION = YES;
				GCC_WARN_UNUSED_VARIABLE = YES;
				IPHONEOS_DEPLOYMENT_TARGET = 13.6;
				MTL_ENABLE_DEBUG_INFO = INCLUDE_SOURCE;
				MTL_FAST_MATH = YES;
				ONLY_ACTIVE_ARCH = YES;
				SDKROOT = iphoneos;
				SWIFT_ACTIVE_COMPILATION_CONDITIONS = DEBUG;
				SWIFT_OPTIMIZATION_LEVEL = "-Onone";
			};
			name = Debug;
		};
		C5E2578625198D8000BABE2A /* Release */ = {
			isa = XCBuildConfiguration;
			buildSettings = {
				ALWAYS_SEARCH_USER_PATHS = NO;
				CLANG_ANALYZER_NONNULL = YES;
				CLANG_ANALYZER_NUMBER_OBJECT_CONVERSION = YES_AGGRESSIVE;
				CLANG_CXX_LANGUAGE_STANDARD = "gnu++14";
				CLANG_CXX_LIBRARY = "libc++";
				CLANG_ENABLE_MODULES = YES;
				CLANG_ENABLE_OBJC_ARC = YES;
				CLANG_ENABLE_OBJC_WEAK = YES;
				CLANG_WARN_BLOCK_CAPTURE_AUTORELEASING = YES;
				CLANG_WARN_BOOL_CONVERSION = YES;
				CLANG_WARN_COMMA = YES;
				CLANG_WARN_CONSTANT_CONVERSION = YES;
				CLANG_WARN_DEPRECATED_OBJC_IMPLEMENTATIONS = YES;
				CLANG_WARN_DIRECT_OBJC_ISA_USAGE = YES_ERROR;
				CLANG_WARN_DOCUMENTATION_COMMENTS = YES;
				CLANG_WARN_EMPTY_BODY = YES;
				CLANG_WARN_ENUM_CONVERSION = YES;
				CLANG_WARN_INFINITE_RECURSION = YES;
				CLANG_WARN_INT_CONVERSION = YES;
				CLANG_WARN_NON_LITERAL_NULL_CONVERSION = YES;
				CLANG_WARN_OBJC_IMPLICIT_RETAIN_SELF = YES;
				CLANG_WARN_OBJC_LITERAL_CONVERSION = YES;
				CLANG_WARN_OBJC_ROOT_CLASS = YES_ERROR;
				CLANG_WARN_RANGE_LOOP_ANALYSIS = YES;
				CLANG_WARN_STRICT_PROTOTYPES = YES;
				CLANG_WARN_SUSPICIOUS_MOVE = YES;
				CLANG_WARN_UNGUARDED_AVAILABILITY = YES_AGGRESSIVE;
				CLANG_WARN_UNREACHABLE_CODE = YES;
				CLANG_WARN__DUPLICATE_METHOD_MATCH = YES;
				COPY_PHASE_STRIP = NO;
				DEBUG_INFORMATION_FORMAT = "dwarf-with-dsym";
				ENABLE_NS_ASSERTIONS = NO;
				ENABLE_STRICT_OBJC_MSGSEND = YES;
				GCC_C_LANGUAGE_STANDARD = gnu11;
				GCC_NO_COMMON_BLOCKS = YES;
				GCC_WARN_64_TO_32_BIT_CONVERSION = YES;
				GCC_WARN_ABOUT_RETURN_TYPE = YES_ERROR;
				GCC_WARN_UNDECLARED_SELECTOR = YES;
				GCC_WARN_UNINITIALIZED_AUTOS = YES_AGGRESSIVE;
				GCC_WARN_UNUSED_FUNCTION = YES;
				GCC_WARN_UNUSED_VARIABLE = YES;
				IPHONEOS_DEPLOYMENT_TARGET = 13.6;
				MTL_ENABLE_DEBUG_INFO = NO;
				MTL_FAST_MATH = YES;
				SDKROOT = iphoneos;
				SWIFT_COMPILATION_MODE = wholemodule;
				SWIFT_OPTIMIZATION_LEVEL = "-O";
				VALIDATE_PRODUCT = YES;
			};
			name = Release;
		};
		C5E2578825198D8000BABE2A /* Debug */ = {
			isa = XCBuildConfiguration;
			buildSettings = {
				ASSETCATALOG_COMPILER_APPICON_NAME = AppIcon;
				CODE_SIGN_STYLE = Automatic;
				DEVELOPMENT_ASSET_PATHS = "\"IntermediateCoreData/Preview Content\"";
				DEVELOPMENT_TEAM = 678G97L9R5;
				ENABLE_PREVIEWS = YES;
				INFOPLIST_FILE = IntermediateCoreData/Info.plist;
				LD_RUNPATH_SEARCH_PATHS = (
					"$(inherited)",
					"@executable_path/Frameworks",
				);
				PRODUCT_BUNDLE_IDENTIFIER = JacoboHernandez.IntermediateCoreData;
				PRODUCT_NAME = "$(TARGET_NAME)";
				SWIFT_VERSION = 5.0;
				TARGETED_DEVICE_FAMILY = "1,2";
			};
			name = Debug;
		};
		C5E2578925198D8000BABE2A /* Release */ = {
			isa = XCBuildConfiguration;
			buildSettings = {
				ASSETCATALOG_COMPILER_APPICON_NAME = AppIcon;
				CODE_SIGN_STYLE = Automatic;
				DEVELOPMENT_ASSET_PATHS = "\"IntermediateCoreData/Preview Content\"";
				DEVELOPMENT_TEAM = 678G97L9R5;
				ENABLE_PREVIEWS = YES;
				INFOPLIST_FILE = IntermediateCoreData/Info.plist;
				LD_RUNPATH_SEARCH_PATHS = (
					"$(inherited)",
					"@executable_path/Frameworks",
				);
				PRODUCT_BUNDLE_IDENTIFIER = JacoboHernandez.IntermediateCoreData;
				PRODUCT_NAME = "$(TARGET_NAME)";
				SWIFT_VERSION = 5.0;
				TARGETED_DEVICE_FAMILY = "1,2";
			};
			name = Release;
		};
/* End XCBuildConfiguration section */

/* Begin XCConfigurationList section */
		C5E2576E25198D7C00BABE2A /* Build configuration list for PBXProject "IntermediateCoreData" */ = {
			isa = XCConfigurationList;
			buildConfigurations = (
				C5E2578525198D8000BABE2A /* Debug */,
				C5E2578625198D8000BABE2A /* Release */,
			);
			defaultConfigurationIsVisible = 0;
			defaultConfigurationName = Release;
		};
		C5E2578725198D8000BABE2A /* Build configuration list for PBXNativeTarget "IntermediateCoreData" */ = {
			isa = XCConfigurationList;
			buildConfigurations = (
				C5E2578825198D8000BABE2A /* Debug */,
				C5E2578925198D8000BABE2A /* Release */,
			);
			defaultConfigurationIsVisible = 0;
			defaultConfigurationName = Release;
		};
/* End XCConfigurationList section */
	};
	rootObject = C5E2576B25198D7C00BABE2A /* Project object */;
}
